
Microsoft Visual Studio Solution File, Format Version 12.00
# Visual Studio 15
VisualStudioVersion = 15.0.27703.2018
MinimumVisualStudioVersion = 10.0.40219.1
Project("{9A19103F-16F7-4668-BE54-9A1E7A4F7556}") = "Weixin.WxOpen", "Weixin.WxOpen\Weixin.WxOpen.csproj", "{2209ACBE-91A8-4179-9D12-59D7D568564C}"
EndProject
Project("{9A19103F-16F7-4668-BE54-9A1E7A4F7556}") = "WeiXin", "WeiXin\WeiXin.csproj", "{EAACC3E4-FF46-4923-B3D8-390B330D5C22}"
EndProject
Project("{FAE04EC0-301F-11D3-BF4B-00C04F79EFBC}") = "MiniProApi", "MiniProApi\MiniProApi.csproj", "{A3E62F62-D042-450B-B3D3-CFEF6F0D8D7C}"
EndProject
Global
	GlobalSection(SolutionConfigurationPlatforms) = preSolution
		Debug|Any CPU = Debug|Any CPU
		Release|Any CPU = Release|Any CPU
	EndGlobalSection
	GlobalSection(ProjectConfigurationPlatforms) = postSolution
		{2209ACBE-91A8-4179-9D12-59D7D568564C}.Debug|Any CPU.ActiveCfg = Debug|Any CPU
		{2209ACBE-91A8-4179-9D12-59D7D568564C}.Debug|Any CPU.Build.0 = Debug|Any CPU
		{2209ACBE-91A8-4179-9D12-59D7D568564C}.Release|Any CPU.ActiveCfg = Release|Any CPU
		{2209ACBE-91A8-4179-9D12-59D7D568564C}.Release|Any CPU.Build.0 = Release|Any CPU
		{EAACC3E4-FF46-4923-B3D8-390B330D5C22}.Debug|Any CPU.ActiveCfg = Debug|Any CPU
		{EAACC3E4-FF46-4923-B3D8-390B330D5C22}.Debug|Any CPU.Build.0 = Debug|Any CPU
		{EAACC3E4-FF46-4923-B3D8-390B330D5C22}.Release|Any CPU.ActiveCfg = Release|Any CPU
		{EAACC3E4-FF46-4923-B3D8-390B330D5C22}.Release|Any CPU.Build.0 = Release|Any CPU
		{A3E62F62-D042-450B-B3D3-CFEF6F0D8D7C}.Debug|Any CPU.ActiveCfg = Debug|Any CPU
		{A3E62F62-D042-450B-B3D3-CFEF6F0D8D7C}.Debug|Any CPU.Build.0 = Debug|Any CPU
		{A3E62F62-D042-450B-B3D3-CFEF6F0D8D7C}.Release|Any CPU.ActiveCfg = Release|Any CPU
		{A3E62F62-D042-450B-B3D3-CFEF6F0D8D7C}.Release|Any CPU.Build.0 = Release|Any CPU
	EndGlobalSection
	GlobalSection(SolutionProperties) = preSolution
		HideSolutionNode = FALSE
	EndGlobalSection
	GlobalSection(ExtensibilityGlobals) = postSolution
		SolutionGuid = {1A627A18-EFF5-4CF5-926F-30FE71AB9379}
	EndGlobalSection
EndGlobal
